
Microsoft Visual Studio Solution File, Format Version 12.00
# Visual Studio Version 16
VisualStudioVersion = 16.0.29201.188
MinimumVisualStudioVersion = 10.0.40219.1
Project("{FAE04EC0-301F-11D3-BF4B-00C04F79EFBC}") = "eXamarin.Android", "eXamarin\eXamarin.Android\eXamarin.Android.csproj", "{5B442A1F-5AA1-4A1B-B732-2D159DD6FAC9}"
EndProject
Project("{FAE04EC0-301F-11D3-BF4B-00C04F79EFBC}") = "eXamarin.iOS", "eXamarin\eXamarin.iOS\eXamarin.iOS.csproj", "{A2F589AD-D11E-4573-9F68-078256DA2967}"
EndProject
Project("{FAE04EC0-301F-11D3-BF4B-00C04F79EFBC}") = "eXamarin", "eXamarin\eXamarin\eXamarin.csproj", "{2AFFB86A-AB09-4FF7-94C8-2980CB89141C}"
EndProject
Global
	GlobalSection(SolutionConfigurationPlatforms) = preSolution
		Debug|Any CPU = Debug|Any CPU
		Debug|iPhone = Debug|iPhone
		Debug|iPhoneSimulator = Debug|iPhoneSimulator
		Release|Any CPU = Release|Any CPU
		Release|iPhone = Release|iPhone
		Release|iPhoneSimulator = Release|iPhoneSimulator
	EndGlobalSection
	GlobalSection(ProjectConfigurationPlatforms) = postSolution
		{5B442A1F-5AA1-4A1B-B732-2D159DD6FAC9}.Debug|Any CPU.ActiveCfg = Debug|Any CPU
		{5B442A1F-5AA1-4A1B-B732-2D159DD6FAC9}.Debug|Any CPU.Build.0 = Debug|Any CPU
		{5B442A1F-5AA1-4A1B-B732-2D159DD6FAC9}.Debug|Any CPU.Deploy.0 = Debug|Any CPU
		{5B442A1F-5AA1-4A1B-B732-2D159DD6FAC9}.Debug|iPhone.ActiveCfg = Debug|Any CPU
		{5B442A1F-5AA1-4A1B-B732-2D159DD6FAC9}.Debug|iPhone.Build.0 = Debug|Any CPU
		{5B442A1F-5AA1-4A1B-B732-2D159DD6FAC9}.Debug|iPhone.Deploy.0 = Debug|Any CPU
		{5B442A1F-5AA1-4A1B-B732-2D159DD6FAC9}.Debug|iPhoneSimulator.ActiveCfg = Debug|Any CPU
		{5B442A1F-5AA1-4A1B-B732-2D159DD6FAC9}.Debug|iPhoneSimulator.Build.0 = Debug|Any CPU
		{5B442A1F-5AA1-4A1B-B732-2D159DD6FAC9}.Debug|iPhoneSimulator.Deploy.0 = Debug|Any CPU
		{5B442A1F-5AA1-4A1B-B732-2D159DD6FAC9}.Release|Any CPU.ActiveCfg = Release|Any CPU
		{5B442A1F-5AA1-4A1B-B732-2D159DD6FAC9}.Release|Any CPU.Build.0 = Release|Any CPU
		{5B442A1F-5AA1-4A1B-B732-2D159DD6FAC9}.Release|Any CPU.Deploy.0 = Release|Any CPU
		{5B442A1F-5AA1-4A1B-B732-2D159DD6FAC9}.Release|iPhone.ActiveCfg = Release|Any CPU
		{5B442A1F-5AA1-4A1B-B732-2D159DD6FAC9}.Release|iPhone.Build.0 = Release|Any CPU
		{5B442A1F-5AA1-4A1B-B732-2D159DD6FAC9}.Release|iPhone.Deploy.0 = Release|Any CPU
		{5B442A1F-5AA1-4A1B-B732-2D159DD6FAC9}.Release|iPhoneSimulator.ActiveCfg = Release|Any CPU
		{5B442A1F-5AA1-4A1B-B732-2D159DD6FAC9}.Release|iPhoneSimulator.Build.0 = Release|Any CPU
		{5B442A1F-5AA1-4A1B-B732-2D159DD6FAC9}.Release|iPhoneSimulator.Deploy.0 = Release|Any CPU
		{A2F589AD-D11E-4573-9F68-078256DA2967}.Debug|Any CPU.ActiveCfg = Debug|iPhoneSimulator
		{A2F589AD-D11E-4573-9F68-078256DA2967}.Debug|Any CPU.Build.0 = Debug|iPhoneSimulator
		{A2F589AD-D11E-4573-9F68-078256DA2967}.Debug|Any CPU.Deploy.0 = Debug|iPhoneSimulator
		{A2F589AD-D11E-4573-9F68-078256DA2967}.Debug|iPhone.ActiveCfg = Debug|iPhone
		{A2F589AD-D11E-4573-9F68-078256DA2967}.Debug|iPhone.Build.0 = Debug|iPhone
		{A2F589AD-D11E-4573-9F68-078256DA2967}.Debug|iPhone.Deploy.0 = Debug|iPhone
		{A2F589AD-D11E-4573-9F68-078256DA2967}.Debug|iPhoneSimulator.ActiveCfg = Debug|iPhoneSimulator
		{A2F589AD-D11E-4573-9F68-078256DA2967}.Debug|iPhoneSimulator.Build.0 = Debug|iPhoneSimulator
		{A2F589AD-D11E-4573-9F68-078256DA2967}.Debug|iPhoneSimulator.Deploy.0 = Debug|iPhoneSimulator
		{A2F589AD-D11E-4573-9F68-078256DA2967}.Release|Any CPU.ActiveCfg = Release|iPhone
		{A2F589AD-D11E-4573-9F68-078256DA2967}.Release|Any CPU.Build.0 = Release|iPhone
		{A2F589AD-D11E-4573-9F68-078256DA2967}.Release|Any CPU.Deploy.0 = Release|iPhone
		{A2F589AD-D11E-4573-9F68-078256DA2967}.Release|iPhone.ActiveCfg = Release|iPhone
		{A2F589AD-D11E-4573-9F68-078256DA2967}.Release|iPhone.Build.0 = Release|iPhone
		{A2F589AD-D11E-4573-9F68-078256DA2967}.Release|iPhone.Deploy.0 = Release|iPhone
		{A2F589AD-D11E-4573-9F68-078256DA2967}.Release|iPhoneSimulator.ActiveCfg = Release|iPhoneSimulator
		{A2F589AD-D11E-4573-9F68-078256DA2967}.Release|iPhoneSimulator.Build.0 = Release|iPhoneSimulator
		{A2F589AD-D11E-4573-9F68-078256DA2967}.Release|iPhoneSimulator.Deploy.0 = Release|iPhoneSimulator
		{2AFFB86A-AB09-4FF7-94C8-2980CB89141C}.Debug|Any CPU.ActiveCfg = Debug|Any CPU
		{2AFFB86A-AB09-4FF7-94C8-2980CB89141C}.Debug|Any CPU.Build.0 = Debug|Any CPU
		{2AFFB86A-AB09-4FF7-94C8-2980CB89141C}.Debug|Any CPU.Deploy.0 = Debug|Any CPU
		{2AFFB86A-AB09-4FF7-94C8-2980CB89141C}.Debug|iPhone.ActiveCfg = Debug|Any CPU
		{2AFFB86A-AB09-4FF7-94C8-2980CB89141C}.Debug|iPhone.Build.0 = Debug|Any CPU
		{2AFFB86A-AB09-4FF7-94C8-2980CB89141C}.Debug|iPhone.Deploy.0 = Debug|Any CPU
		{2AFFB86A-AB09-4FF7-94C8-2980CB89141C}.Debug|iPhoneSimulator.ActiveCfg = Debug|Any CPU
		{2AFFB86A-AB09-4FF7-94C8-2980CB89141C}.Debug|iPhoneSimulator.Build.0 = Debug|Any CPU
		{2AFFB86A-AB09-4FF7-94C8-2980CB89141C}.Debug|iPhoneSimulator.Deploy.0 = Debug|Any CPU
		{2AFFB86A-AB09-4FF7-94C8-2980CB89141C}.Release|Any CPU.ActiveCfg = Release|Any CPU
		{2AFFB86A-AB09-4FF7-94C8-2980CB89141C}.Release|Any CPU.Build.0 = Release|Any CPU
		{2AFFB86A-AB09-4FF7-94C8-2980CB89141C}.Release|Any CPU.Deploy.0 = Release|Any CPU
		{2AFFB86A-AB09-4FF7-94C8-2980CB89141C}.Release|iPhone.ActiveCfg = Release|Any CPU
		{2AFFB86A-AB09-4FF7-94C8-2980CB89141C}.Release|iPhone.Build.0 = Release|Any CPU
		{2AFFB86A-AB09-4FF7-94C8-2980CB89141C}.Release|iPhone.Deploy.0 = Release|Any CPU
		{2AFFB86A-AB09-4FF7-94C8-2980CB89141C}.Release|iPhoneSimulator.ActiveCfg = Release|Any CPU
		{2AFFB86A-AB09-4FF7-94C8-2980CB89141C}.Release|iPhoneSimulator.Build.0 = Release|Any CPU
		{2AFFB86A-AB09-4FF7-94C8-2980CB89141C}.Release|iPhoneSimulator.Deploy.0 = Release|Any CPU
	EndGlobalSection
	GlobalSection(SolutionProperties) = preSolution
		HideSolutionNode = FALSE
	EndGlobalSection
	GlobalSection(ExtensibilityGlobals) = postSolution
		SolutionGuid = {240AD27D-D629-4F3D-B336-DBAC19952B5F}
	EndGlobalSection
EndGlobal
